
Microsoft Visual Studio Solution File, Format Version 12.00
# Visual Studio 15
VisualStudioVersion = 15.0.28307.489
MinimumVisualStudioVersion = 10.0.40219.1
Project("{FAE04EC0-301F-11D3-BF4B-00C04F79EFBC}") = "opdracht 7", "opdracht 7\opdracht 7.csproj", "{7FE6D142-F9A7-4DBF-8F50-55CDF88C7E8D}"
EndProject
Global
	GlobalSection(SolutionConfigurationPlatforms) = preSolution
		Debug|Any CPU = Debug|Any CPU
		Release|Any CPU = Release|Any CPU
	EndGlobalSection
	GlobalSection(ProjectConfigurationPlatforms) = postSolution
		{7FE6D142-F9A7-4DBF-8F50-55CDF88C7E8D}.Debug|Any CPU.ActiveCfg = Debug|Any CPU
		{7FE6D142-F9A7-4DBF-8F50-55CDF88C7E8D}.Debug|Any CPU.Build.0 = Debug|Any CPU
		{7FE6D142-F9A7-4DBF-8F50-55CDF88C7E8D}.Release|Any CPU.ActiveCfg = Release|Any CPU
		{7FE6D142-F9A7-4DBF-8F50-55CDF88C7E8D}.Release|Any CPU.Build.0 = Release|Any CPU
	EndGlobalSection
	GlobalSection(SolutionProperties) = preSolution
		HideSolutionNode = FALSE
	EndGlobalSection
	GlobalSection(ExtensibilityGlobals) = postSolution
		SolutionGuid = {4F13E88F-D1D2-4741-8987-E03C6DA02BA0}
	EndGlobalSection
EndGlobal
